{
  "name": "sarif-lens",
  "version": "0.1.0",
  "lockfileVersion": 3,
  "requires": true,
  "packages": {
    "": {
      "name": "sarif-lens",
      "version": "0.1.0",
      "license": "MIT",
      "bin": {
        "sarif-lens": "bin/sarif-lens.js"
      },
      "engines": {
        "node": ">=22"
      }
    }
  }
}
